
Microsoft Visual Studio Solution File, Format Version 12.00
# Visual Studio Version 17
VisualStudioVersion = 17.1.32328.378
MinimumVisualStudioVersion = 10.0.40219.1
Project("{FAE04EC0-301F-11D3-BF4B-00C04F79EFBC}") = "KhaoabeKeAjk", "KhaoabeKeAjk\KhaoabeKeAjk.csproj", "{C23E1BDB-468F-437B-A363-93D8DF09D1F5}"
EndProject
Project("{2150E333-8FDC-42A3-9474-1A3956D46DE8}") = "Solution Items", "Solution Items", "{41AA78A9-F0C4-41B3-9242-BBF29B0FECE6}"
	ProjectSection(SolutionItems) = preProject
		.editorconfig = .editorconfig
	EndProjectSection
EndProject
Global
	GlobalSection(SolutionConfigurationPlatforms) = preSolution
		Debug|Any CPU = Debug|Any CPU
		Release|Any CPU = Release|Any CPU
	EndGlobalSection
	GlobalSection(ProjectConfigurationPlatforms) = postSolution
		{C23E1BDB-468F-437B-A363-93D8DF09D1F5}.Debug|Any CPU.ActiveCfg = Debug|Any CPU
		{C23E1BDB-468F-437B-A363-93D8DF09D1F5}.Debug|Any CPU.Build.0 = Debug|Any CPU
		{C23E1BDB-468F-437B-A363-93D8DF09D1F5}.Release|Any CPU.ActiveCfg = Release|Any CPU
		{C23E1BDB-468F-437B-A363-93D8DF09D1F5}.Release|Any CPU.Build.0 = Release|Any CPU
	EndGlobalSection
	GlobalSection(SolutionProperties) = preSolution
		HideSolutionNode = FALSE
	EndGlobalSection
	GlobalSection(ExtensibilityGlobals) = postSolution
		SolutionGuid = {D0CD60A6-A556-4B3A-B525-5D704FF8ACED}
	EndGlobalSection
EndGlobal
